
Microsoft Visual Studio Solution File, Format Version 12.00
# Visual Studio 2012
Project("{FAE04EC0-301F-11D3-BF4B-00C04F79EFBC}") = "XTranslate", "XTranslate\XTranslate.csproj", "{28C4CAE6-4F75-4D62-948C-7E9B8044F4E0}"
EndProject
Project("{FAE04EC0-301F-11D3-BF4B-00C04F79EFBC}") = "XTranslate.Droid", "Droid\XTranslate.Droid.csproj", "{E4831A29-AD18-4398-9AED-7021B9322FE8}"
EndProject
Project("{FAE04EC0-301F-11D3-BF4B-00C04F79EFBC}") = "XTranslate.iOS", "iOS\XTranslate.iOS.csproj", "{25D05833-E064-4CC1-8502-67DE53125583}"
EndProject
Global
	GlobalSection(SolutionConfigurationPlatforms) = preSolution
		Debug|Any CPU = Debug|Any CPU
		Release|Any CPU = Release|Any CPU
		Debug|iPhoneSimulator = Debug|iPhoneSimulator
		Release|iPhone = Release|iPhone
		Release|iPhoneSimulator = Release|iPhoneSimulator
		Debug|iPhone = Debug|iPhone
	EndGlobalSection
	GlobalSection(ProjectConfigurationPlatforms) = postSolution
		{28C4CAE6-4F75-4D62-948C-7E9B8044F4E0}.Debug|Any CPU.ActiveCfg = Debug|Any CPU
		{28C4CAE6-4F75-4D62-948C-7E9B8044F4E0}.Debug|Any CPU.Build.0 = Debug|Any CPU
		{28C4CAE6-4F75-4D62-948C-7E9B8044F4E0}.Release|Any CPU.ActiveCfg = Release|Any CPU
		{28C4CAE6-4F75-4D62-948C-7E9B8044F4E0}.Release|Any CPU.Build.0 = Release|Any CPU
		{28C4CAE6-4F75-4D62-948C-7E9B8044F4E0}.Debug|iPhoneSimulator.ActiveCfg = Debug|Any CPU
		{28C4CAE6-4F75-4D62-948C-7E9B8044F4E0}.Debug|iPhoneSimulator.Build.0 = Debug|Any CPU
		{28C4CAE6-4F75-4D62-948C-7E9B8044F4E0}.Release|iPhone.ActiveCfg = Release|Any CPU
		{28C4CAE6-4F75-4D62-948C-7E9B8044F4E0}.Release|iPhone.Build.0 = Release|Any CPU
		{28C4CAE6-4F75-4D62-948C-7E9B8044F4E0}.Release|iPhoneSimulator.ActiveCfg = Release|Any CPU
		{28C4CAE6-4F75-4D62-948C-7E9B8044F4E0}.Release|iPhoneSimulator.Build.0 = Release|Any CPU
		{28C4CAE6-4F75-4D62-948C-7E9B8044F4E0}.Debug|iPhone.ActiveCfg = Debug|Any CPU
		{28C4CAE6-4F75-4D62-948C-7E9B8044F4E0}.Debug|iPhone.Build.0 = Debug|Any CPU
		{E4831A29-AD18-4398-9AED-7021B9322FE8}.Debug|Any CPU.ActiveCfg = Debug|Any CPU
		{E4831A29-AD18-4398-9AED-7021B9322FE8}.Debug|Any CPU.Build.0 = Debug|Any CPU
		{E4831A29-AD18-4398-9AED-7021B9322FE8}.Release|Any CPU.ActiveCfg = Release|Any CPU
		{E4831A29-AD18-4398-9AED-7021B9322FE8}.Release|Any CPU.Build.0 = Release|Any CPU
		{E4831A29-AD18-4398-9AED-7021B9322FE8}.Debug|iPhoneSimulator.ActiveCfg = Debug|Any CPU
		{E4831A29-AD18-4398-9AED-7021B9322FE8}.Debug|iPhoneSimulator.Build.0 = Debug|Any CPU
		{E4831A29-AD18-4398-9AED-7021B9322FE8}.Release|iPhone.ActiveCfg = Release|Any CPU
		{E4831A29-AD18-4398-9AED-7021B9322FE8}.Release|iPhone.Build.0 = Release|Any CPU
		{E4831A29-AD18-4398-9AED-7021B9322FE8}.Release|iPhoneSimulator.ActiveCfg = Release|Any CPU
		{E4831A29-AD18-4398-9AED-7021B9322FE8}.Release|iPhoneSimulator.Build.0 = Release|Any CPU
		{E4831A29-AD18-4398-9AED-7021B9322FE8}.Debug|iPhone.ActiveCfg = Debug|Any CPU
		{E4831A29-AD18-4398-9AED-7021B9322FE8}.Debug|iPhone.Build.0 = Debug|Any CPU
		{25D05833-E064-4CC1-8502-67DE53125583}.Debug|Any CPU.ActiveCfg = Debug|iPhoneSimulator
		{25D05833-E064-4CC1-8502-67DE53125583}.Debug|Any CPU.Build.0 = Debug|iPhoneSimulator
		{25D05833-E064-4CC1-8502-67DE53125583}.Release|Any CPU.ActiveCfg = Release|iPhone
		{25D05833-E064-4CC1-8502-67DE53125583}.Release|Any CPU.Build.0 = Release|iPhone
		{25D05833-E064-4CC1-8502-67DE53125583}.Debug|iPhoneSimulator.ActiveCfg = Debug|iPhoneSimulator
		{25D05833-E064-4CC1-8502-67DE53125583}.Debug|iPhoneSimulator.Build.0 = Debug|iPhoneSimulator
		{25D05833-E064-4CC1-8502-67DE53125583}.Release|iPhone.ActiveCfg = Release|iPhone
		{25D05833-E064-4CC1-8502-67DE53125583}.Release|iPhone.Build.0 = Release|iPhone
		{25D05833-E064-4CC1-8502-67DE53125583}.Release|iPhoneSimulator.ActiveCfg = Release|iPhoneSimulator
		{25D05833-E064-4CC1-8502-67DE53125583}.Release|iPhoneSimulator.Build.0 = Release|iPhoneSimulator
		{25D05833-E064-4CC1-8502-67DE53125583}.Debug|iPhone.ActiveCfg = Debug|iPhone
		{25D05833-E064-4CC1-8502-67DE53125583}.Debug|iPhone.Build.0 = Debug|iPhone
	EndGlobalSection
	GlobalSection(MonoDevelopProperties) = preSolution
		Policies = $0
		$0.DotNetNamingPolicy = $1
	EndGlobalSection
EndGlobal
